
Microsoft Visual Studio Solution File, Format Version 12.00
# Visual Studio 15
VisualStudioVersion = 15.0.26730.16
MinimumVisualStudioVersion = 10.0.40219.1
Project("{FAE04EC0-301F-11D3-BF4B-00C04F79EFBC}") = "CURSOS_ONLINE", "CURSOS_ONLINE\CURSOS_ONLINE.csproj", "{FFBA5A14-4B94-48A5-9675-B3106B44DAEB}"
EndProject
Global
	GlobalSection(SolutionConfigurationPlatforms) = preSolution
		Debug|Any CPU = Debug|Any CPU
		Release|Any CPU = Release|Any CPU
	EndGlobalSection
	GlobalSection(ProjectConfigurationPlatforms) = postSolution
		{FFBA5A14-4B94-48A5-9675-B3106B44DAEB}.Debug|Any CPU.ActiveCfg = Debug|Any CPU
		{FFBA5A14-4B94-48A5-9675-B3106B44DAEB}.Debug|Any CPU.Build.0 = Debug|Any CPU
		{FFBA5A14-4B94-48A5-9675-B3106B44DAEB}.Release|Any CPU.ActiveCfg = Release|Any CPU
		{FFBA5A14-4B94-48A5-9675-B3106B44DAEB}.Release|Any CPU.Build.0 = Release|Any CPU
	EndGlobalSection
	GlobalSection(SolutionProperties) = preSolution
		HideSolutionNode = FALSE
	EndGlobalSection
	GlobalSection(ExtensibilityGlobals) = postSolution
		SolutionGuid = {D3FE6EF7-E285-4959-B711-5B3C0EF8880F}
	EndGlobalSection
EndGlobal
